
Microsoft Visual Studio Solution File, Format Version 12.00
# Visual Studio Version 16
VisualStudioVersion = 16.0.29403.142
MinimumVisualStudioVersion = 10.0.40219.1
Project("{FAE04EC0-301F-11D3-BF4B-00C04F79EFBC}") = "HttpPerformance", "HttpPerformance\HttpPerformance.csproj", "{3F8BB48A-015B-4F69-98A4-6CAE64C4F08B}"
EndProject
Global
	GlobalSection(SolutionConfigurationPlatforms) = preSolution
		Debug|Any CPU = Debug|Any CPU
		Release|Any CPU = Release|Any CPU
	EndGlobalSection
	GlobalSection(ProjectConfigurationPlatforms) = postSolution
		{3F8BB48A-015B-4F69-98A4-6CAE64C4F08B}.Debug|Any CPU.ActiveCfg = Debug|Any CPU
		{3F8BB48A-015B-4F69-98A4-6CAE64C4F08B}.Debug|Any CPU.Build.0 = Debug|Any CPU
		{3F8BB48A-015B-4F69-98A4-6CAE64C4F08B}.Release|Any CPU.ActiveCfg = Release|Any CPU
		{3F8BB48A-015B-4F69-98A4-6CAE64C4F08B}.Release|Any CPU.Build.0 = Release|Any CPU
	EndGlobalSection
	GlobalSection(SolutionProperties) = preSolution
		HideSolutionNode = FALSE
	EndGlobalSection
	GlobalSection(ExtensibilityGlobals) = postSolution
		SolutionGuid = {F2206482-510B-4209-B39C-9BD86B63DCD1}
	EndGlobalSection
EndGlobal
